
Microsoft Visual Studio Solution File, Format Version 12.00
# Visual Studio Version 17
VisualStudioVersion = 17.3.32929.385
MinimumVisualStudioVersion = 10.0.40219.1
Project("{FAE04EC0-301F-11D3-BF4B-00C04F79EFBC}") = "MiPrimeraApp.Android", "MiPrimeraApp\MiPrimeraApp.Android\MiPrimeraApp.Android.csproj", "{CBDEAE95-F80B-4CE1-B6EE-0FC6E963983A}"
EndProject
Project("{FAE04EC0-301F-11D3-BF4B-00C04F79EFBC}") = "MiPrimeraApp.iOS", "MiPrimeraApp\MiPrimeraApp.iOS\MiPrimeraApp.iOS.csproj", "{7EFD8F5B-13C3-46C8-B773-37502B76A96F}"
EndProject
Project("{9A19103F-16F7-4668-BE54-9A1E7A4F7556}") = "MiPrimeraApp", "MiPrimeraApp\MiPrimeraApp\MiPrimeraApp.csproj", "{D382D33E-6270-496D-B2B9-80C7152DC1CA}"
EndProject
Global
	GlobalSection(SolutionConfigurationPlatforms) = preSolution
		Debug|Any CPU = Debug|Any CPU
		Debug|iPhone = Debug|iPhone
		Debug|iPhoneSimulator = Debug|iPhoneSimulator
		Debug|x86 = Debug|x86
		Release|Any CPU = Release|Any CPU
		Release|iPhone = Release|iPhone
		Release|iPhoneSimulator = Release|iPhoneSimulator
		Release|x86 = Release|x86
	EndGlobalSection
	GlobalSection(ProjectConfigurationPlatforms) = postSolution
		{CBDEAE95-F80B-4CE1-B6EE-0FC6E963983A}.Debug|Any CPU.ActiveCfg = Debug|Any CPU
		{CBDEAE95-F80B-4CE1-B6EE-0FC6E963983A}.Debug|Any CPU.Build.0 = Debug|Any CPU
		{CBDEAE95-F80B-4CE1-B6EE-0FC6E963983A}.Debug|Any CPU.Deploy.0 = Debug|Any CPU
		{CBDEAE95-F80B-4CE1-B6EE-0FC6E963983A}.Debug|iPhone.ActiveCfg = Debug|Any CPU
		{CBDEAE95-F80B-4CE1-B6EE-0FC6E963983A}.Debug|iPhone.Build.0 = Debug|Any CPU
		{CBDEAE95-F80B-4CE1-B6EE-0FC6E963983A}.Debug|iPhone.Deploy.0 = Debug|Any CPU
		{CBDEAE95-F80B-4CE1-B6EE-0FC6E963983A}.Debug|iPhoneSimulator.ActiveCfg = Debug|Any CPU
		{CBDEAE95-F80B-4CE1-B6EE-0FC6E963983A}.Debug|iPhoneSimulator.Build.0 = Debug|Any CPU
		{CBDEAE95-F80B-4CE1-B6EE-0FC6E963983A}.Debug|iPhoneSimulator.Deploy.0 = Debug|Any CPU
		{CBDEAE95-F80B-4CE1-B6EE-0FC6E963983A}.Debug|x86.ActiveCfg = Debug|x86
		{CBDEAE95-F80B-4CE1-B6EE-0FC6E963983A}.Debug|x86.Build.0 = Debug|x86
		{CBDEAE95-F80B-4CE1-B6EE-0FC6E963983A}.Debug|x86.Deploy.0 = Debug|x86
		{CBDEAE95-F80B-4CE1-B6EE-0FC6E963983A}.Release|Any CPU.ActiveCfg = Release|Any CPU
		{CBDEAE95-F80B-4CE1-B6EE-0FC6E963983A}.Release|Any CPU.Build.0 = Release|Any CPU
		{CBDEAE95-F80B-4CE1-B6EE-0FC6E963983A}.Release|Any CPU.Deploy.0 = Release|Any CPU
		{CBDEAE95-F80B-4CE1-B6EE-0FC6E963983A}.Release|iPhone.ActiveCfg = Release|Any CPU
		{CBDEAE95-F80B-4CE1-B6EE-0FC6E963983A}.Release|iPhone.Build.0 = Release|Any CPU
		{CBDEAE95-F80B-4CE1-B6EE-0FC6E963983A}.Release|iPhone.Deploy.0 = Release|Any CPU
		{CBDEAE95-F80B-4CE1-B6EE-0FC6E963983A}.Release|iPhoneSimulator.ActiveCfg = Release|Any CPU
		{CBDEAE95-F80B-4CE1-B6EE-0FC6E963983A}.Release|iPhoneSimulator.Build.0 = Release|Any CPU
		{CBDEAE95-F80B-4CE1-B6EE-0FC6E963983A}.Release|iPhoneSimulator.Deploy.0 = Release|Any CPU
		{CBDEAE95-F80B-4CE1-B6EE-0FC6E963983A}.Release|x86.ActiveCfg = Release|x86
		{CBDEAE95-F80B-4CE1-B6EE-0FC6E963983A}.Release|x86.Build.0 = Release|x86
		{CBDEAE95-F80B-4CE1-B6EE-0FC6E963983A}.Release|x86.Deploy.0 = Release|x86
		{7EFD8F5B-13C3-46C8-B773-37502B76A96F}.Debug|Any CPU.ActiveCfg = Debug|iPhone
		{7EFD8F5B-13C3-46C8-B773-37502B76A96F}.Debug|Any CPU.Build.0 = Debug|iPhone
		{7EFD8F5B-13C3-46C8-B773-37502B76A96F}.Debug|Any CPU.Deploy.0 = Debug|iPhone
		{7EFD8F5B-13C3-46C8-B773-37502B76A96F}.Debug|iPhone.ActiveCfg = Debug|iPhone
		{7EFD8F5B-13C3-46C8-B773-37502B76A96F}.Debug|iPhone.Build.0 = Debug|iPhone
		{7EFD8F5B-13C3-46C8-B773-37502B76A96F}.Debug|iPhone.Deploy.0 = Debug|iPhone
		{7EFD8F5B-13C3-46C8-B773-37502B76A96F}.Debug|iPhoneSimulator.ActiveCfg = Debug|iPhoneSimulator
		{7EFD8F5B-13C3-46C8-B773-37502B76A96F}.Debug|iPhoneSimulator.Build.0 = Debug|iPhoneSimulator
		{7EFD8F5B-13C3-46C8-B773-37502B76A96F}.Debug|iPhoneSimulator.Deploy.0 = Debug|iPhoneSimulator
		{7EFD8F5B-13C3-46C8-B773-37502B76A96F}.Debug|x86.ActiveCfg = Debug|iPhoneSimulator
		{7EFD8F5B-13C3-46C8-B773-37502B76A96F}.Debug|x86.Build.0 = Debug|iPhoneSimulator
		{7EFD8F5B-13C3-46C8-B773-37502B76A96F}.Release|Any CPU.ActiveCfg = Release|iPhoneSimulator
		{7EFD8F5B-13C3-46C8-B773-37502B76A96F}.Release|Any CPU.Build.0 = Release|iPhoneSimulator
		{7EFD8F5B-13C3-46C8-B773-37502B76A96F}.Release|Any CPU.Deploy.0 = Release|iPhoneSimulator
		{7EFD8F5B-13C3-46C8-B773-37502B76A96F}.Release|iPhone.ActiveCfg = Release|iPhone
		{7EFD8F5B-13C3-46C8-B773-37502B76A96F}.Release|iPhone.Build.0 = Release|iPhone
		{7EFD8F5B-13C3-46C8-B773-37502B76A96F}.Release|iPhone.Deploy.0 = Release|iPhone
		{7EFD8F5B-13C3-46C8-B773-37502B76A96F}.Release|iPhoneSimulator.ActiveCfg = Release|iPhoneSimulator
		{7EFD8F5B-13C3-46C8-B773-37502B76A96F}.Release|iPhoneSimulator.Build.0 = Release|iPhoneSimulator
		{7EFD8F5B-13C3-46C8-B773-37502B76A96F}.Release|iPhoneSimulator.Deploy.0 = Release|iPhoneSimulator
		{7EFD8F5B-13C3-46C8-B773-37502B76A96F}.Release|x86.ActiveCfg = Release|iPhone
		{7EFD8F5B-13C3-46C8-B773-37502B76A96F}.Release|x86.Build.0 = Release|iPhone
		{D382D33E-6270-496D-B2B9-80C7152DC1CA}.Debug|Any CPU.ActiveCfg = Debug|Any CPU
		{D382D33E-6270-496D-B2B9-80C7152DC1CA}.Debug|Any CPU.Build.0 = Debug|Any CPU
		{D382D33E-6270-496D-B2B9-80C7152DC1CA}.Debug|Any CPU.Deploy.0 = Debug|Any CPU
		{D382D33E-6270-496D-B2B9-80C7152DC1CA}.Debug|iPhone.ActiveCfg = Debug|Any CPU
		{D382D33E-6270-496D-B2B9-80C7152DC1CA}.Debug|iPhone.Build.0 = Debug|Any CPU
		{D382D33E-6270-496D-B2B9-80C7152DC1CA}.Debug|iPhone.Deploy.0 = Debug|Any CPU
		{D382D33E-6270-496D-B2B9-80C7152DC1CA}.Debug|iPhoneSimulator.ActiveCfg = Debug|Any CPU
		{D382D33E-6270-496D-B2B9-80C7152DC1CA}.Debug|iPhoneSimulator.Build.0 = Debug|Any CPU
		{D382D33E-6270-496D-B2B9-80C7152DC1CA}.Debug|iPhoneSimulator.Deploy.0 = Debug|Any CPU
		{D382D33E-6270-496D-B2B9-80C7152DC1CA}.Debug|x86.ActiveCfg = Debug|Any CPU
		{D382D33E-6270-496D-B2B9-80C7152DC1CA}.Debug|x86.Build.0 = Debug|Any CPU
		{D382D33E-6270-496D-B2B9-80C7152DC1CA}.Release|Any CPU.ActiveCfg = Release|Any CPU
		{D382D33E-6270-496D-B2B9-80C7152DC1CA}.Release|Any CPU.Build.0 = Release|Any CPU
		{D382D33E-6270-496D-B2B9-80C7152DC1CA}.Release|Any CPU.Deploy.0 = Release|Any CPU
		{D382D33E-6270-496D-B2B9-80C7152DC1CA}.Release|iPhone.ActiveCfg = Release|Any CPU
		{D382D33E-6270-496D-B2B9-80C7152DC1CA}.Release|iPhone.Build.0 = Release|Any CPU
		{D382D33E-6270-496D-B2B9-80C7152DC1CA}.Release|iPhone.Deploy.0 = Release|Any CPU
		{D382D33E-6270-496D-B2B9-80C7152DC1CA}.Release|iPhoneSimulator.ActiveCfg = Release|Any CPU
		{D382D33E-6270-496D-B2B9-80C7152DC1CA}.Release|iPhoneSimulator.Build.0 = Release|Any CPU
		{D382D33E-6270-496D-B2B9-80C7152DC1CA}.Release|iPhoneSimulator.Deploy.0 = Release|Any CPU
		{D382D33E-6270-496D-B2B9-80C7152DC1CA}.Release|x86.ActiveCfg = Release|Any CPU
		{D382D33E-6270-496D-B2B9-80C7152DC1CA}.Release|x86.Build.0 = Release|Any CPU
	EndGlobalSection
	GlobalSection(SolutionProperties) = preSolution
		HideSolutionNode = FALSE
	EndGlobalSection
	GlobalSection(ExtensibilityGlobals) = postSolution
		SolutionGuid = {F2861A48-CD28-4BBE-A349-B6A2FD8C6F82}
	EndGlobalSection
EndGlobal
